
Microsoft Visual Studio Solution File, Format Version 12.00
# Visual Studio 15
VisualStudioVersion = 15.0.28307.757
MinimumVisualStudioVersion = 10.0.40219.1
Project("{FAE04EC0-301F-11D3-BF4B-00C04F79EFBC}") = "ComicBooksGallery", "ComicBooksGallery\ComicBooksGallery.csproj", "{BFFF6989-7FFF-4F03-994C-76DA2C522557}"
EndProject
Global
	GlobalSection(SolutionConfigurationPlatforms) = preSolution
		Debug|Any CPU = Debug|Any CPU
		Release|Any CPU = Release|Any CPU
	EndGlobalSection
	GlobalSection(ProjectConfigurationPlatforms) = postSolution
		{BFFF6989-7FFF-4F03-994C-76DA2C522557}.Debug|Any CPU.ActiveCfg = Debug|Any CPU
		{BFFF6989-7FFF-4F03-994C-76DA2C522557}.Debug|Any CPU.Build.0 = Debug|Any CPU
		{BFFF6989-7FFF-4F03-994C-76DA2C522557}.Release|Any CPU.ActiveCfg = Release|Any CPU
		{BFFF6989-7FFF-4F03-994C-76DA2C522557}.Release|Any CPU.Build.0 = Release|Any CPU
	EndGlobalSection
	GlobalSection(SolutionProperties) = preSolution
		HideSolutionNode = FALSE
	EndGlobalSection
	GlobalSection(ExtensibilityGlobals) = postSolution
		SolutionGuid = {2CCA1D11-5C4D-45B1-A820-5F67A4E5A9F6}
	EndGlobalSection
EndGlobal
